
Microsoft Visual Studio Solution File, Format Version 12.00
# Visual Studio Version 16
VisualStudioVersion = 16.0.31624.102
MinimumVisualStudioVersion = 10.0.40219.1
Project("{FAE04EC0-301F-11D3-BF4B-00C04F79EFBC}") = "mutanti", "mutanti\mutanti.csproj", "{9C915591-554A-4797-9EA5-FF8C568CB595}"
EndProject
Global
	GlobalSection(SolutionConfigurationPlatforms) = preSolution
		Debug|Any CPU = Debug|Any CPU
		Release|Any CPU = Release|Any CPU
	EndGlobalSection
	GlobalSection(ProjectConfigurationPlatforms) = postSolution
		{9C915591-554A-4797-9EA5-FF8C568CB595}.Debug|Any CPU.ActiveCfg = Debug|Any CPU
		{9C915591-554A-4797-9EA5-FF8C568CB595}.Debug|Any CPU.Build.0 = Debug|Any CPU
		{9C915591-554A-4797-9EA5-FF8C568CB595}.Release|Any CPU.ActiveCfg = Release|Any CPU
		{9C915591-554A-4797-9EA5-FF8C568CB595}.Release|Any CPU.Build.0 = Release|Any CPU
	EndGlobalSection
	GlobalSection(SolutionProperties) = preSolution
		HideSolutionNode = FALSE
	EndGlobalSection
	GlobalSection(ExtensibilityGlobals) = postSolution
		SolutionGuid = {A248632E-9B9F-4B02-8CD3-499D7E82E678}
	EndGlobalSection
EndGlobal
