
Microsoft Visual Studio Solution File, Format Version 12.00
# Visual Studio Version 16
VisualStudioVersion = 16.0.31624.102
MinimumVisualStudioVersion = 10.0.40219.1
Project("{FAE04EC0-301F-11D3-BF4B-00C04F79EFBC}") = "DruštvoWPF", "DruštvoWPF\DruštvoWPF.csproj", "{BA79408B-F495-43FD-8B68-4953D2136E4A}"
EndProject
Global
	GlobalSection(SolutionConfigurationPlatforms) = preSolution
		Debug|Any CPU = Debug|Any CPU
		Release|Any CPU = Release|Any CPU
	EndGlobalSection
	GlobalSection(ProjectConfigurationPlatforms) = postSolution
		{BA79408B-F495-43FD-8B68-4953D2136E4A}.Debug|Any CPU.ActiveCfg = Debug|Any CPU
		{BA79408B-F495-43FD-8B68-4953D2136E4A}.Debug|Any CPU.Build.0 = Debug|Any CPU
		{BA79408B-F495-43FD-8B68-4953D2136E4A}.Release|Any CPU.ActiveCfg = Release|Any CPU
		{BA79408B-F495-43FD-8B68-4953D2136E4A}.Release|Any CPU.Build.0 = Release|Any CPU
	EndGlobalSection
	GlobalSection(SolutionProperties) = preSolution
		HideSolutionNode = FALSE
	EndGlobalSection
	GlobalSection(ExtensibilityGlobals) = postSolution
		SolutionGuid = {19A4BB36-34AC-46CF-8741-18640926EA98}
	EndGlobalSection
EndGlobal
