
Microsoft Visual Studio Solution File, Format Version 12.00
# Visual Studio Version 16
VisualStudioVersion = 16.0.31624.102
MinimumVisualStudioVersion = 10.0.40219.1
Project("{FAE04EC0-301F-11D3-BF4B-00C04F79EFBC}") = "palindrom", "palindrom\palindrom.csproj", "{96B7DD55-96E2-451D-A338-884712BD48D8}"
EndProject
Global
	GlobalSection(SolutionConfigurationPlatforms) = preSolution
		Debug|Any CPU = Debug|Any CPU
		Release|Any CPU = Release|Any CPU
	EndGlobalSection
	GlobalSection(ProjectConfigurationPlatforms) = postSolution
		{96B7DD55-96E2-451D-A338-884712BD48D8}.Debug|Any CPU.ActiveCfg = Debug|Any CPU
		{96B7DD55-96E2-451D-A338-884712BD48D8}.Debug|Any CPU.Build.0 = Debug|Any CPU
		{96B7DD55-96E2-451D-A338-884712BD48D8}.Release|Any CPU.ActiveCfg = Release|Any CPU
		{96B7DD55-96E2-451D-A338-884712BD48D8}.Release|Any CPU.Build.0 = Release|Any CPU
	EndGlobalSection
	GlobalSection(SolutionProperties) = preSolution
		HideSolutionNode = FALSE
	EndGlobalSection
	GlobalSection(ExtensibilityGlobals) = postSolution
		SolutionGuid = {D6266F55-A91E-41CC-B339-C55C04951590}
	EndGlobalSection
EndGlobal
