
Microsoft Visual Studio Solution File, Format Version 12.00
# Visual Studio Version 16
VisualStudioVersion = 16.0.31624.102
MinimumVisualStudioVersion = 10.0.40219.1
Project("{FAE04EC0-301F-11D3-BF4B-00C04F79EFBC}") = "Generiki", "Generiki\Generiki.csproj", "{30AB9C87-465A-4B8D-99BB-2F1016D5DFED}"
EndProject
Global
	GlobalSection(SolutionConfigurationPlatforms) = preSolution
		Debug|Any CPU = Debug|Any CPU
		Release|Any CPU = Release|Any CPU
	EndGlobalSection
	GlobalSection(ProjectConfigurationPlatforms) = postSolution
		{30AB9C87-465A-4B8D-99BB-2F1016D5DFED}.Debug|Any CPU.ActiveCfg = Debug|Any CPU
		{30AB9C87-465A-4B8D-99BB-2F1016D5DFED}.Debug|Any CPU.Build.0 = Debug|Any CPU
		{30AB9C87-465A-4B8D-99BB-2F1016D5DFED}.Release|Any CPU.ActiveCfg = Release|Any CPU
		{30AB9C87-465A-4B8D-99BB-2F1016D5DFED}.Release|Any CPU.Build.0 = Release|Any CPU
	EndGlobalSection
	GlobalSection(SolutionProperties) = preSolution
		HideSolutionNode = FALSE
	EndGlobalSection
	GlobalSection(ExtensibilityGlobals) = postSolution
		SolutionGuid = {3B80E856-65F1-4B09-9F93-B99C169DE00B}
	EndGlobalSection
EndGlobal
